
Microsoft Visual Studio Solution File, Format Version 12.00
# Visual Studio 14
VisualStudioVersion = 14.0.25420.1
MinimumVisualStudioVersion = 10.0.40219.1
Project("{FAE04EC0-301F-11D3-BF4B-00C04F79EFBC}") = "View", "WpfApplication1\View.csproj", "{0E70A980-DF60-48BD-B45E-F2CD7EB87BF3}"
EndProject
Global
	GlobalSection(SolutionConfigurationPlatforms) = preSolution
		Debug|x64 = Debug|x64
		Debug|x86 = Debug|x86
		Release|x64 = Release|x64
		Release|x86 = Release|x86
		View64|x64 = View64|x64
		View64|x86 = View64|x86
	EndGlobalSection
	GlobalSection(ProjectConfigurationPlatforms) = postSolution
		{0E70A980-DF60-48BD-B45E-F2CD7EB87BF3}.Debug|x64.ActiveCfg = Debug|x64
		{0E70A980-DF60-48BD-B45E-F2CD7EB87BF3}.Debug|x64.Build.0 = Debug|x64
		{0E70A980-DF60-48BD-B45E-F2CD7EB87BF3}.Debug|x86.ActiveCfg = Debug|x86
		{0E70A980-DF60-48BD-B45E-F2CD7EB87BF3}.Debug|x86.Build.0 = Debug|x86
		{0E70A980-DF60-48BD-B45E-F2CD7EB87BF3}.Release|x64.ActiveCfg = Release|x64
		{0E70A980-DF60-48BD-B45E-F2CD7EB87BF3}.Release|x64.Build.0 = Release|x64
		{0E70A980-DF60-48BD-B45E-F2CD7EB87BF3}.Release|x86.ActiveCfg = Release|x86
		{0E70A980-DF60-48BD-B45E-F2CD7EB87BF3}.Release|x86.Build.0 = Release|x86
		{0E70A980-DF60-48BD-B45E-F2CD7EB87BF3}.Release|x86.Deploy.0 = Release|x86
		{0E70A980-DF60-48BD-B45E-F2CD7EB87BF3}.View64|x64.ActiveCfg = View64|x64
		{0E70A980-DF60-48BD-B45E-F2CD7EB87BF3}.View64|x64.Build.0 = View64|x64
		{0E70A980-DF60-48BD-B45E-F2CD7EB87BF3}.View64|x86.ActiveCfg = View64|x86
		{0E70A980-DF60-48BD-B45E-F2CD7EB87BF3}.View64|x86.Build.0 = View64|x86
	EndGlobalSection
	GlobalSection(SolutionProperties) = preSolution
		HideSolutionNode = FALSE
	EndGlobalSection
EndGlobal
